// !$*UTF8*$!
{
	archiveVersion = 1;
	classes = {
	};
	objectVersion = 56;
	objects = {

/* Begin PBXBuildFile section */
		511624B22C90A307002E3039 /* AppDelegate.swift in Sources */ = {isa = PBXBuildFile; fileRef = 511624B12C90A307002E3039 /* AppDelegate.swift */; };
		511624B42C90A307002E3039 /* SceneDelegate.swift in Sources */ = {isa = PBXBuildFile; fileRef = 511624B32C90A307002E3039 /* SceneDelegate.swift */; };
		511624B62C90A307002E3039 /* ViewController.swift in Sources */ = {isa = PBXBuildFile; fileRef = 511624B52C90A307002E3039 /* ViewController.swift */; };
		511624BB2C90A308002E3039 /* Assets.xcassets in Resources */ = {isa = PBXBuildFile; fileRef = 511624BA2C90A308002E3039 /* Assets.xcassets */; };
		511624CA2C90AF12002E3039 /* WAMainViewController.swift in Sources */ = {isa = PBXBuildFile; fileRef = 511624C92C90AF12002E3039 /* WAMainViewController.swift */; };
		511624CC2C90AFA0002E3039 /* WAWeather.swift in Sources */ = {isa = PBXBuildFile; fileRef = 511624CB2C90AFA0002E3039 /* WAWeather.swift */; };
		511624CE2C90AFAF002E3039 /* WAWeatherManager.swift in Sources */ = {isa = PBXBuildFile; fileRef = 511624CD2C90AFAF002E3039 /* WAWeatherManager.swift */; };
		518F2F312C9B482C00201481 /* WAAppState.swift in Sources */ = {isa = PBXBuildFile; fileRef = 518F2F302C9B482C00201481 /* WAAppState.swift */; };
		51A46BF02C997D7E0069644D /* WANetworkManager.swift in Sources */ = {isa = PBXBuildFile; fileRef = 51A46BEF2C997D7E0069644D /* WANetworkManager.swift */; };
		51A46BF22C997EC00069644D /* WANetworkState.swift in Sources */ = {isa = PBXBuildFile; fileRef = 51A46BF12C997EC00069644D /* WANetworkState.swift */; };
		51EB4E1A2C920797007152F5 /* WALocationManager.swift in Sources */ = {isa = PBXBuildFile; fileRef = 51EB4E192C920797007152F5 /* WALocationManager.swift */; };
		51EB4E1D2C9207CB007152F5 /* WALocation.swift in Sources */ = {isa = PBXBuildFile; fileRef = 51EB4E1C2C9207CB007152F5 /* WALocation.swift */; };
		51EB4E1F2C921749007152F5 /* WALocationPermisionState.swift in Sources */ = {isa = PBXBuildFile; fileRef = 51EB4E1E2C921749007152F5 /* WALocationPermisionState.swift */; };
		51EB4E222C921FDE007152F5 /* WAUserDefaultManager.swift in Sources */ = {isa = PBXBuildFile; fileRef = 51EB4E212C921FDE007152F5 /* WAUserDefaultManager.swift */; };
		51EB4E242C9220A5007152F5 /* WANamespace.swift in Sources */ = {isa = PBXBuildFile; fileRef = 51EB4E232C9220A5007152F5 /* WANamespace.swift */; };
/* End PBXBuildFile section */

/* Begin PBXFileReference section */
		511624AE2C90A307002E3039 /* WeatherApp.app */ = {isa = PBXFileReference; explicitFileType = wrapper.application; includeInIndex = 0; path = WeatherApp.app; sourceTree = BUILT_PRODUCTS_DIR; };
		511624B12C90A307002E3039 /* AppDelegate.swift */ = {isa = PBXFileReference; lastKnownFileType = sourcecode.swift; path = AppDelegate.swift; sourceTree = "<group>"; };
		511624B32C90A307002E3039 /* SceneDelegate.swift */ = {isa = PBXFileReference; lastKnownFileType = sourcecode.swift; path = SceneDelegate.swift; sourceTree = "<group>"; };
		511624B52C90A307002E3039 /* ViewController.swift */ = {isa = PBXFileReference; lastKnownFileType = sourcecode.swift; path = ViewController.swift; sourceTree = "<group>"; };
		511624BA2C90A308002E3039 /* Assets.xcassets */ = {isa = PBXFileReference; lastKnownFileType = folder.assetcatalog; path = Assets.xcassets; sourceTree = "<group>"; };
		511624BF2C90A308002E3039 /* Info.plist */ = {isa = PBXFileReference; lastKnownFileType = text.plist.xml; path = Info.plist; sourceTree = "<group>"; };
		511624C92C90AF12002E3039 /* WAMainViewController.swift */ = {isa = PBXFileReference; lastKnownFileType = sourcecode.swift; path = WAMainViewController.swift; sourceTree = "<group>"; };
		511624CB2C90AFA0002E3039 /* WAWeather.swift */ = {isa = PBXFileReference; lastKnownFileType = sourcecode.swift; path = WAWeather.swift; sourceTree = "<group>"; };
		511624CD2C90AFAF002E3039 /* WAWeatherManager.swift */ = {isa = PBXFileReference; lastKnownFileType = sourcecode.swift; path = WAWeatherManager.swift; sourceTree = "<group>"; };
		518F2F302C9B482C00201481 /* WAAppState.swift */ = {isa = PBXFileReference; lastKnownFileType = sourcecode.swift; path = WAAppState.swift; sourceTree = "<group>"; };
		51A46BEF2C997D7E0069644D /* WANetworkManager.swift */ = {isa = PBXFileReference; lastKnownFileType = sourcecode.swift; path = WANetworkManager.swift; sourceTree = "<group>"; };
		51A46BF12C997EC00069644D /* WANetworkState.swift */ = {isa = PBXFileReference; lastKnownFileType = sourcecode.swift; path = WANetworkState.swift; sourceTree = "<group>"; };
		51EB4E192C920797007152F5 /* WALocationManager.swift */ = {isa = PBXFileReference; lastKnownFileType = sourcecode.swift; path = WALocationManager.swift; sourceTree = "<group>"; };
		51EB4E1C2C9207CB007152F5 /* WALocation.swift */ = {isa = PBXFileReference; lastKnownFileType = sourcecode.swift; path = WALocation.swift; sourceTree = "<group>"; };
		51EB4E1E2C921749007152F5 /* WALocationPermisionState.swift */ = {isa = PBXFileReference; lastKnownFileType = sourcecode.swift; path = WALocationPermisionState.swift; sourceTree = "<group>"; };
		51EB4E212C921FDE007152F5 /* WAUserDefaultManager.swift */ = {isa = PBXFileReference; lastKnownFileType = sourcecode.swift; path = WAUserDefaultManager.swift; sourceTree = "<group>"; };
		51EB4E232C9220A5007152F5 /* WANamespace.swift */ = {isa = PBXFileReference; lastKnownFileType = sourcecode.swift; path = WANamespace.swift; sourceTree = "<group>"; };
/* End PBXFileReference section */

/* Begin PBXFrameworksBuildPhase section */
		511624AB2C90A307002E3039 /* Frameworks */ = {
			isa = PBXFrameworksBuildPhase;
			buildActionMask = 2147483647;
			files = (
			);
			runOnlyForDeploymentPostprocessing = 0;
		};
/* End PBXFrameworksBuildPhase section */

/* Begin PBXGroup section */
		511624A52C90A307002E3039 = {
			isa = PBXGroup;
			children = (
				511624B02C90A307002E3039 /* WeatherApp */,
				511624AF2C90A307002E3039 /* Products */,
			);
			sourceTree = "<group>";
		};
		511624AF2C90A307002E3039 /* Products */ = {
			isa = PBXGroup;
			children = (
				511624AE2C90A307002E3039 /* WeatherApp.app */,
			);
			name = Products;
			sourceTree = "<group>";
		};
		511624B02C90A307002E3039 /* WeatherApp */ = {
			isa = PBXGroup;
			children = (
				51A46BEE2C997D690069644D /* Network */,
				51EB4E202C921FBD007152F5 /* Persistant */,
				51EB4E172C920753007152F5 /* Location */,
				511624C52C90AEDA002E3039 /* Weather */,
				511624B12C90A307002E3039 /* AppDelegate.swift */,
				511624B32C90A307002E3039 /* SceneDelegate.swift */,
				511624B52C90A307002E3039 /* ViewController.swift */,
				511624BA2C90A308002E3039 /* Assets.xcassets */,
				511624BF2C90A308002E3039 /* Info.plist */,
				51EB4E232C9220A5007152F5 /* WANamespace.swift */,
				518F2F302C9B482C00201481 /* WAAppState.swift */,
			);
			path = WeatherApp;
			sourceTree = "<group>";
		};
		511624C52C90AEDA002E3039 /* Weather */ = {
			isa = PBXGroup;
			children = (
				511624C82C90AEFA002E3039 /* Controller */,
				511624C72C90AEF2002E3039 /* View */,
				511624C62C90AEE8002E3039 /* Model */,
			);
			path = Weather;
			sourceTree = "<group>";
		};
		511624C62C90AEE8002E3039 /* Model */ = {
			isa = PBXGroup;
			children = (
				511624CB2C90AFA0002E3039 /* WAWeather.swift */,
			);
			path = Model;
			sourceTree = "<group>";
		};
		511624C72C90AEF2002E3039 /* View */ = {
			isa = PBXGroup;
			children = (
				511624C92C90AF12002E3039 /* WAMainViewController.swift */,
			);
			path = View;
			sourceTree = "<group>";
		};
		511624C82C90AEFA002E3039 /* Controller */ = {
			isa = PBXGroup;
			children = (
				511624CD2C90AFAF002E3039 /* WAWeatherManager.swift */,
			);
			path = Controller;
			sourceTree = "<group>";
		};
		51A46BEE2C997D690069644D /* Network */ = {
			isa = PBXGroup;
			children = (
				51A46BEF2C997D7E0069644D /* WANetworkManager.swift */,
				51A46BF12C997EC00069644D /* WANetworkState.swift */,
			);
			path = Network;
			sourceTree = "<group>";
		};
		51EB4E172C920753007152F5 /* Location */ = {
			isa = PBXGroup;
			children = (
				51EB4E1B2C9207BC007152F5 /* Model */,
				51EB4E182C92075B007152F5 /* Controller */,
			);
			path = Location;
			sourceTree = "<group>";
		};
		51EB4E182C92075B007152F5 /* Controller */ = {
			isa = PBXGroup;
			children = (
				51EB4E192C920797007152F5 /* WALocationManager.swift */,
			);
			path = Controller;
			sourceTree = "<group>";
		};
		51EB4E1B2C9207BC007152F5 /* Model */ = {
			isa = PBXGroup;
			children = (
				51EB4E1C2C9207CB007152F5 /* WALocation.swift */,
				51EB4E1E2C921749007152F5 /* WALocationPermisionState.swift */,
			);
			path = Model;
			sourceTree = "<group>";
		};
		51EB4E202C921FBD007152F5 /* Persistant */ = {
			isa = PBXGroup;
			children = (
				51EB4E212C921FDE007152F5 /* WAUserDefaultManager.swift */,
			);
			path = Persistant;
			sourceTree = "<group>";
		};
/* End PBXGroup section */

/* Begin PBXNativeTarget section */
		511624AD2C90A307002E3039 /* WeatherApp */ = {
			isa = PBXNativeTarget;
			buildConfigurationList = 511624C22C90A308002E3039 /* Build configuration list for PBXNativeTarget "WeatherApp" */;
			buildPhases = (
				511624AA2C90A307002E3039 /* Sources */,
				511624AB2C90A307002E3039 /* Frameworks */,
				511624AC2C90A307002E3039 /* Resources */,
			);
			buildRules = (
			);
			dependencies = (
			);
			name = WeatherApp;
			productName = WeatherApp;
			productReference = 511624AE2C90A307002E3039 /* WeatherApp.app */;
			productType = "com.apple.product-type.application";
		};
/* End PBXNativeTarget section */

/* Begin PBXProject section */
		511624A62C90A307002E3039 /* Project object */ = {
			isa = PBXProject;
			attributes = {
				BuildIndependentTargetsInParallel = 1;
				LastSwiftUpdateCheck = 1530;
				LastUpgradeCheck = 1530;
				TargetAttributes = {
					511624AD2C90A307002E3039 = {
						CreatedOnToolsVersion = 15.3;
					};
				};
			};
			buildConfigurationList = 511624A92C90A307002E3039 /* Build configuration list for PBXProject "WeatherApp" */;
			compatibilityVersion = "Xcode 14.0";
			developmentRegion = en;
			hasScannedForEncodings = 0;
			knownRegions = (
				en,
				Base,
			);
			mainGroup = 511624A52C90A307002E3039;
			productRefGroup = 511624AF2C90A307002E3039 /* Products */;
			projectDirPath = "";
			projectRoot = "";
			targets = (
				511624AD2C90A307002E3039 /* WeatherApp */,
			);
		};
/* End PBXProject section */

/* Begin PBXResourcesBuildPhase section */
		511624AC2C90A307002E3039 /* Resources */ = {
			isa = PBXResourcesBuildPhase;
			buildActionMask = 2147483647;
			files = (
				511624BB2C90A308002E3039 /* Assets.xcassets in Resources */,
			);
			runOnlyForDeploymentPostprocessing = 0;
		};
/* End PBXResourcesBuildPhase section */

/* Begin PBXSourcesBuildPhase section */
		511624AA2C90A307002E3039 /* Sources */ = {
			isa = PBXSourcesBuildPhase;
			buildActionMask = 2147483647;
			files = (
				511624B62C90A307002E3039 /* ViewController.swift in Sources */,
				518F2F312C9B482C00201481 /* WAAppState.swift in Sources */,
				51A46BF22C997EC00069644D /* WANetworkState.swift in Sources */,
				511624CA2C90AF12002E3039 /* WAMainViewController.swift in Sources */,
				511624CE2C90AFAF002E3039 /* WAWeatherManager.swift in Sources */,
				511624B22C90A307002E3039 /* AppDelegate.swift in Sources */,
				51EB4E222C921FDE007152F5 /* WAUserDefaultManager.swift in Sources */,
				51EB4E1D2C9207CB007152F5 /* WALocation.swift in Sources */,
				51EB4E1F2C921749007152F5 /* WALocationPermisionState.swift in Sources */,
				511624B42C90A307002E3039 /* SceneDelegate.swift in Sources */,
				51EB4E1A2C920797007152F5 /* WALocationManager.swift in Sources */,
				511624CC2C90AFA0002E3039 /* WAWeather.swift in Sources */,
				51A46BF02C997D7E0069644D /* WANetworkManager.swift in Sources */,
				51EB4E242C9220A5007152F5 /* WANamespace.swift in Sources */,
			);
			runOnlyForDeploymentPostprocessing = 0;
		};
/* End PBXSourcesBuildPhase section */

/* Begin XCBuildConfiguration section */
		511624C02C90A308002E3039 /* Debug */ = {
			isa = XCBuildConfiguration;
			buildSettings = {
				ALWAYS_SEARCH_USER_PATHS = NO;
				ASSETCATALOG_COMPILER_GENERATE_SWIFT_ASSET_SYMBOL_EXTENSIONS = YES;
				CLANG_ANALYZER_NONNULL = YES;
				CLANG_ANALYZER_NUMBER_OBJECT_CONVERSION = YES_AGGRESSIVE;
				CLANG_CXX_LANGUAGE_STANDARD = "gnu++20";
				CLANG_ENABLE_MODULES = YES;
				CLANG_ENABLE_OBJC_ARC = YES;
				CLANG_ENABLE_OBJC_WEAK = YES;
				CLANG_WARN_BLOCK_CAPTURE_AUTORELEASING = YES;
				CLANG_WARN_BOOL_CONVERSION = YES;
				CLANG_WARN_COMMA = YES;
				CLANG_WARN_CONSTANT_CONVERSION = YES;
				CLANG_WARN_DEPRECATED_OBJC_IMPLEMENTATIONS = YES;
				CLANG_WARN_DIRECT_OBJC_ISA_USAGE = YES_ERROR;
				CLANG_WARN_DOCUMENTATION_COMMENTS = YES;
				CLANG_WARN_EMPTY_BODY = YES;
				CLANG_WARN_ENUM_CONVERSION = YES;
				CLANG_WARN_INFINITE_RECURSION = YES;
				CLANG_WARN_INT_CONVERSION = YES;
				CLANG_WARN_NON_LITERAL_NULL_CONVERSION = YES;
				CLANG_WARN_OBJC_IMPLICIT_RETAIN_SELF = YES;
				CLANG_WARN_OBJC_LITERAL_CONVERSION = YES;
				CLANG_WARN_OBJC_ROOT_CLASS = YES_ERROR;
				CLANG_WARN_QUOTED_INCLUDE_IN_FRAMEWORK_HEADER = YES;
				CLANG_WARN_RANGE_LOOP_ANALYSIS = YES;
				CLANG_WARN_STRICT_PROTOTYPES = YES;
				CLANG_WARN_SUSPICIOUS_MOVE = YES;
				CLANG_WARN_UNGUARDED_AVAILABILITY = YES_AGGRESSIVE;
				CLANG_WARN_UNREACHABLE_CODE = YES;
				CLANG_WARN__DUPLICATE_METHOD_MATCH = YES;
				COPY_PHASE_STRIP = NO;
				DEBUG_INFORMATION_FORMAT = dwarf;
				ENABLE_STRICT_OBJC_MSGSEND = YES;
				ENABLE_TESTABILITY = YES;
				ENABLE_USER_SCRIPT_SANDBOXING = YES;
				GCC_C_LANGUAGE_STANDARD = gnu17;
				GCC_DYNAMIC_NO_PIC = NO;
				GCC_NO_COMMON_BLOCKS = YES;
				GCC_OPTIMIZATION_LEVEL = 0;
				GCC_PREPROCESSOR_DEFINITIONS = (
					"DEBUG=1",
					"$(inherited)",
				);
				GCC_WARN_64_TO_32_BIT_CONVERSION = YES;
				GCC_WARN_ABOUT_RETURN_TYPE = YES_ERROR;
				GCC_WARN_UNDECLARED_SELECTOR = YES;
				GCC_WARN_UNINITIALIZED_AUTOS = YES_AGGRESSIVE;
				GCC_WARN_UNUSED_FUNCTION = YES;
				GCC_WARN_UNUSED_VARIABLE = YES;
				IPHONEOS_DEPLOYMENT_TARGET = 16.0;
				LOCALIZATION_PREFERS_STRING_CATALOGS = YES;
				MTL_ENABLE_DEBUG_INFO = INCLUDE_SOURCE;
				MTL_FAST_MATH = YES;
				ONLY_ACTIVE_ARCH = YES;
				SDKROOT = iphoneos;
				SWIFT_ACTIVE_COMPILATION_CONDITIONS = "DEBUG $(inherited)";
				SWIFT_OPTIMIZATION_LEVEL = "-Onone";
			};
			name = Debug;
		};
		511624C12C90A308002E3039 /* Release */ = {
			isa = XCBuildConfiguration;
			buildSettings = {
				ALWAYS_SEARCH_USER_PATHS = NO;
				ASSETCATALOG_COMPILER_GENERATE_SWIFT_ASSET_SYMBOL_EXTENSIONS = YES;
				CLANG_ANALYZER_NONNULL = YES;
				CLANG_ANALYZER_NUMBER_OBJECT_CONVERSION = YES_AGGRESSIVE;
				CLANG_CXX_LANGUAGE_STANDARD = "gnu++20";
				CLANG_ENABLE_MODULES = YES;
				CLANG_ENABLE_OBJC_ARC = YES;
				CLANG_ENABLE_OBJC_WEAK = YES;
				CLANG_WARN_BLOCK_CAPTURE_AUTORELEASING = YES;
				CLANG_WARN_BOOL_CONVERSION = YES;
				CLANG_WARN_COMMA = YES;
				CLANG_WARN_CONSTANT_CONVERSION = YES;
				CLANG_WARN_DEPRECATED_OBJC_IMPLEMENTATIONS = YES;
				CLANG_WARN_DIRECT_OBJC_ISA_USAGE = YES_ERROR;
				CLANG_WARN_DOCUMENTATION_COMMENTS = YES;
				CLANG_WARN_EMPTY_BODY = YES;
				CLANG_WARN_ENUM_CONVERSION = YES;
				CLANG_WARN_INFINITE_RECURSION = YES;
				CLANG_WARN_INT_CONVERSION = YES;
				CLANG_WARN_NON_LITERAL_NULL_CONVERSION = YES;
				CLANG_WARN_OBJC_IMPLICIT_RETAIN_SELF = YES;
				CLANG_WARN_OBJC_LITERAL_CONVERSION = YES;
				CLANG_WARN_OBJC_ROOT_CLASS = YES_ERROR;
				CLANG_WARN_QUOTED_INCLUDE_IN_FRAMEWORK_HEADER = YES;
				CLANG_WARN_RANGE_LOOP_ANALYSIS = YES;
				CLANG_WARN_STRICT_PROTOTYPES = YES;
				CLANG_WARN_SUSPICIOUS_MOVE = YES;
				CLANG_WARN_UNGUARDED_AVAILABILITY = YES_AGGRESSIVE;
				CLANG_WARN_UNREACHABLE_CODE = YES;
				CLANG_WARN__DUPLICATE_METHOD_MATCH = YES;
				COPY_PHASE_STRIP = NO;
				DEBUG_INFORMATION_FORMAT = "dwarf-with-dsym";
				ENABLE_NS_ASSERTIONS = NO;
				ENABLE_STRICT_OBJC_MSGSEND = YES;
				ENABLE_USER_SCRIPT_SANDBOXING = YES;
				GCC_C_LANGUAGE_STANDARD = gnu17;
				GCC_NO_COMMON_BLOCKS = YES;
				GCC_WARN_64_TO_32_BIT_CONVERSION = YES;
				GCC_WARN_ABOUT_RETURN_TYPE = YES_ERROR;
				GCC_WARN_UNDECLARED_SELECTOR = YES;
				GCC_WARN_UNINITIALIZED_AUTOS = YES_AGGRESSIVE;
				GCC_WARN_UNUSED_FUNCTION = YES;
				GCC_WARN_UNUSED_VARIABLE = YES;
				IPHONEOS_DEPLOYMENT_TARGET = 16.0;
				LOCALIZATION_PREFERS_STRING_CATALOGS = YES;
				MTL_ENABLE_DEBUG_INFO = NO;
				MTL_FAST_MATH = YES;
				SDKROOT = iphoneos;
				SWIFT_COMPILATION_MODE = wholemodule;
				VALIDATE_PRODUCT = YES;
			};
			name = Release;
		};
		511624C32C90A308002E3039 /* Debug */ = {
			isa = XCBuildConfiguration;
			buildSettings = {
				ASSETCATALOG_COMPILER_APPICON_NAME = AppIcon;
				ASSETCATALOG_COMPILER_GLOBAL_ACCENT_COLOR_NAME = AccentColor;
				CODE_SIGN_STYLE = Automatic;
				CURRENT_PROJECT_VERSION = 1;
				DEVELOPMENT_TEAM = QGHKZZ365Q;
				GENERATE_INFOPLIST_FILE = YES;
				INFOPLIST_FILE = WeatherApp/Info.plist;
				INFOPLIST_KEY_NSLocationWhenInUseUsageDescription = "App need to access location to get weather";
				INFOPLIST_KEY_UIApplicationSupportsIndirectInputEvents = YES;
				INFOPLIST_KEY_UILaunchStoryboardName = "";
				INFOPLIST_KEY_UIMainStoryboardFile = "";
				INFOPLIST_KEY_UISupportedInterfaceOrientations_iPad = "UIInterfaceOrientationPortrait UIInterfaceOrientationPortraitUpsideDown UIInterfaceOrientationLandscapeLeft UIInterfaceOrientationLandscapeRight";
				INFOPLIST_KEY_UISupportedInterfaceOrientations_iPhone = "UIInterfaceOrientationPortrait UIInterfaceOrientationLandscapeLeft UIInterfaceOrientationLandscapeRight";
				IPHONEOS_DEPLOYMENT_TARGET = 16.0;
				LD_RUNPATH_SEARCH_PATHS = (
					"$(inherited)",
					"@executable_path/Frameworks",
				);
				MARKETING_VERSION = 1.0;
				PRODUCT_BUNDLE_IDENTIFIER = com.test.nilupul.WeatherApp;
				PRODUCT_NAME = "$(TARGET_NAME)";
				SWIFT_EMIT_LOC_STRINGS = YES;
				SWIFT_VERSION = 5.0;
				TARGETED_DEVICE_FAMILY = "1,2";
			};
			name = Debug;
		};
		511624C42C90A308002E3039 /* Release */ = {
			isa = XCBuildConfiguration;
			buildSettings = {
				ASSETCATALOG_COMPILER_APPICON_NAME = AppIcon;
				ASSETCATALOG_COMPILER_GLOBAL_ACCENT_COLOR_NAME = AccentColor;
				CODE_SIGN_STYLE = Automatic;
				CURRENT_PROJECT_VERSION = 1;
				DEVELOPMENT_TEAM = QGHKZZ365Q;
				GENERATE_INFOPLIST_FILE = YES;
				INFOPLIST_FILE = WeatherApp/Info.plist;
				INFOPLIST_KEY_NSLocationWhenInUseUsageDescription = "App need to access location to get weather";
				INFOPLIST_KEY_UIApplicationSupportsIndirectInputEvents = YES;
				INFOPLIST_KEY_UILaunchStoryboardName = "";
				INFOPLIST_KEY_UIMainStoryboardFile = "";
				INFOPLIST_KEY_UISupportedInterfaceOrientations_iPad = "UIInterfaceOrientationPortrait UIInterfaceOrientationPortraitUpsideDown UIInterfaceOrientationLandscapeLeft UIInterfaceOrientationLandscapeRight";
				INFOPLIST_KEY_UISupportedInterfaceOrientations_iPhone = "UIInterfaceOrientationPortrait UIInterfaceOrientationLandscapeLeft UIInterfaceOrientationLandscapeRight";
				IPHONEOS_DEPLOYMENT_TARGET = 16.0;
				LD_RUNPATH_SEARCH_PATHS = (
					"$(inherited)",
					"@executable_path/Frameworks",
				);
				MARKETING_VERSION = 1.0;
				PRODUCT_BUNDLE_IDENTIFIER = com.test.nilupul.WeatherApp;
				PRODUCT_NAME = "$(TARGET_NAME)";
				SWIFT_EMIT_LOC_STRINGS = YES;
				SWIFT_VERSION = 5.0;
				TARGETED_DEVICE_FAMILY = "1,2";
			};
			name = Release;
		};
/* End XCBuildConfiguration section */

/* Begin XCConfigurationList section */
		511624A92C90A307002E3039 /* Build configuration list for PBXProject "WeatherApp" */ = {
			isa = XCConfigurationList;
			buildConfigurations = (
				511624C02C90A308002E3039 /* Debug */,
				511624C12C90A308002E3039 /* Release */,
			);
			defaultConfigurationIsVisible = 0;
			defaultConfigurationName = Release;
		};
		511624C22C90A308002E3039 /* Build configuration list for PBXNativeTarget "WeatherApp" */ = {
			isa = XCConfigurationList;
			buildConfigurations = (
				511624C32C90A308002E3039 /* Debug */,
				511624C42C90A308002E3039 /* Release */,
			);
			defaultConfigurationIsVisible = 0;
			defaultConfigurationName = Release;
		};
/* End XCConfigurationList section */
	};
	rootObject = 511624A62C90A307002E3039 /* Project object */;
}
